
Microsoft Visual Studio Solution File, Format Version 12.00
# Visual Studio Version 17
VisualStudioVersion = 17.9.34728.123
MinimumVisualStudioVersion = 10.0.40219.1
Project("{FAE04EC0-301F-11D3-BF4B-00C04F79EFBC}") = "SchoolProject", "SchoolProject.csproj", "{DF37107F-11C4-47CD-B98B-11C4CAD81D9F}"
EndProject
Global
	GlobalSection(SolutionConfigurationPlatforms) = preSolution
		Debug|Any CPU = Debug|Any CPU
		Release|Any CPU = Release|Any CPU
	EndGlobalSection
	GlobalSection(ProjectConfigurationPlatforms) = postSolution
		{DF37107F-11C4-47CD-B98B-11C4CAD81D9F}.Debug|Any CPU.ActiveCfg = Debug|Any CPU
		{DF37107F-11C4-47CD-B98B-11C4CAD81D9F}.Debug|Any CPU.Build.0 = Debug|Any CPU
		{DF37107F-11C4-47CD-B98B-11C4CAD81D9F}.Release|Any CPU.ActiveCfg = Release|Any CPU
		{DF37107F-11C4-47CD-B98B-11C4CAD81D9F}.Release|Any CPU.Build.0 = Release|Any CPU
	EndGlobalSection
	GlobalSection(SolutionProperties) = preSolution
		HideSolutionNode = FALSE
	EndGlobalSection
	GlobalSection(ExtensibilityGlobals) = postSolution
		SolutionGuid = {4BF945A5-16EA-48D7-82E4-7CC7CD54162F}
	EndGlobalSection
EndGlobal
